
Microsoft Visual Studio Solution File, Format Version 12.00
# Visual Studio 14
VisualStudioVersion = 14.0.24720.0
MinimumVisualStudioVersion = 10.0.40219.1
Project("{FAE04EC0-301F-11D3-BF4B-00C04F79EFBC}") = "TurtleChallengeCSharp", "TurtleChallengeCSharp\TurtleChallengeCSharp.csproj", "{433ECD7D-2B2C-4D9F-BBAC-E098C91D5228}"
EndProject
Global
	GlobalSection(SolutionConfigurationPlatforms) = preSolution
		Debug|Any CPU = Debug|Any CPU
		Release|Any CPU = Release|Any CPU
	EndGlobalSection
	GlobalSection(ProjectConfigurationPlatforms) = postSolution
		{433ECD7D-2B2C-4D9F-BBAC-E098C91D5228}.Debug|Any CPU.ActiveCfg = Debug|Any CPU
		{433ECD7D-2B2C-4D9F-BBAC-E098C91D5228}.Debug|Any CPU.Build.0 = Debug|Any CPU
		{433ECD7D-2B2C-4D9F-BBAC-E098C91D5228}.Release|Any CPU.ActiveCfg = Release|Any CPU
		{433ECD7D-2B2C-4D9F-BBAC-E098C91D5228}.Release|Any CPU.Build.0 = Release|Any CPU
	EndGlobalSection
	GlobalSection(SolutionProperties) = preSolution
		HideSolutionNode = FALSE
	EndGlobalSection
EndGlobal
